
Microsoft Visual Studio Solution File, Format Version 12.00
# Visual Studio 14
VisualStudioVersion = 14.0.25420.1
MinimumVisualStudioVersion = 10.0.40219.1
Project("{FAE04EC0-301F-11D3-BF4B-00C04F79EFBC}") = "Examen", "Examen\Examen.csproj", "{64DBBBCC-A2A2-4FAA-AAF5-EBE6788E8139}"
EndProject
Project("{FAE04EC0-301F-11D3-BF4B-00C04F79EFBC}") = "Examen.Tests", "Examen.Tests\Examen.Tests.csproj", "{EFA17232-F9D3-461C-81AC-0F0D83945E8D}"
EndProject
Project("{FAE04EC0-301F-11D3-BF4B-00C04F79EFBC}") = "WebApi", "WebApi\WebApi.csproj", "{ECD6A3AF-6CBA-4560-82CF-E2C5C58624D0}"
EndProject
Global
	GlobalSection(SolutionConfigurationPlatforms) = preSolution
		Debug|Any CPU = Debug|Any CPU
		Release|Any CPU = Release|Any CPU
	EndGlobalSection
	GlobalSection(ProjectConfigurationPlatforms) = postSolution
		{64DBBBCC-A2A2-4FAA-AAF5-EBE6788E8139}.Debug|Any CPU.ActiveCfg = Debug|Any CPU
		{64DBBBCC-A2A2-4FAA-AAF5-EBE6788E8139}.Debug|Any CPU.Build.0 = Debug|Any CPU
		{64DBBBCC-A2A2-4FAA-AAF5-EBE6788E8139}.Release|Any CPU.ActiveCfg = Release|Any CPU
		{64DBBBCC-A2A2-4FAA-AAF5-EBE6788E8139}.Release|Any CPU.Build.0 = Release|Any CPU
		{EFA17232-F9D3-461C-81AC-0F0D83945E8D}.Debug|Any CPU.ActiveCfg = Debug|Any CPU
		{EFA17232-F9D3-461C-81AC-0F0D83945E8D}.Debug|Any CPU.Build.0 = Debug|Any CPU
		{EFA17232-F9D3-461C-81AC-0F0D83945E8D}.Release|Any CPU.ActiveCfg = Release|Any CPU
		{EFA17232-F9D3-461C-81AC-0F0D83945E8D}.Release|Any CPU.Build.0 = Release|Any CPU
		{ECD6A3AF-6CBA-4560-82CF-E2C5C58624D0}.Debug|Any CPU.ActiveCfg = Debug|Any CPU
		{ECD6A3AF-6CBA-4560-82CF-E2C5C58624D0}.Debug|Any CPU.Build.0 = Debug|Any CPU
		{ECD6A3AF-6CBA-4560-82CF-E2C5C58624D0}.Release|Any CPU.ActiveCfg = Release|Any CPU
		{ECD6A3AF-6CBA-4560-82CF-E2C5C58624D0}.Release|Any CPU.Build.0 = Release|Any CPU
	EndGlobalSection
	GlobalSection(SolutionProperties) = preSolution
		HideSolutionNode = FALSE
	EndGlobalSection
EndGlobal
